
Microsoft Visual Studio Solution File, Format Version 12.00
# Visual Studio 15
VisualStudioVersion = 15.0.26403.3
MinimumVisualStudioVersion = 10.0.40219.1
Project("{FAE04EC0-301F-11D3-BF4B-00C04F79EFBC}") = "ContosoUniversity.Models", "ContosoUniversity.Models\ContosoUniversity.Models.csproj", "{ADD04770-4EA7-4944-AEBB-99633994C496}"
EndProject
Project("{2150E333-8FDC-42A3-9474-1A3956D46DE8}") = "Solution Items", "Solution Items", "{976E568F-B82B-49F4-9BB0-9CD1AFD13094}"
	ProjectSection(SolutionItems) = preProject
		_QuickSteps.md = _QuickSteps.md
		readme.md = readme.md
	EndProjectSection
EndProject
Project("{FAE04EC0-301F-11D3-BF4B-00C04F79EFBC}") = "ContosoUniversity.Data", "ContosoUniversity.Data\ContosoUniversity.Data.csproj", "{4751E63E-ED20-47D8-98AD-BCA2CC2BED4B}"
EndProject
Project("{FAE04EC0-301F-11D3-BF4B-00C04F79EFBC}") = "ContosoUniversity", "ContosoUniversity\ContosoUniversity.csproj", "{AE83DBEF-0CE8-4FFF-8FF2-2616415B806A}"
EndProject
Project("{FAE04EC0-301F-11D3-BF4B-00C04F79EFBC}") = "ContosoUniversity.DataHelper", "ContosoUniversity.DataHelper\ContosoUniversity.DataHelper.csproj", "{92BD7C70-CD3C-406C-9630-D495377EE0D8}"
EndProject
Project("{FAE04EC0-301F-11D3-BF4B-00C04F79EFBC}") = "ContosoUniversity.DataInMemoryTests", "ContosoUniversity.DataInMemoryTests\ContosoUniversity.DataInMemoryTests.csproj", "{018E01C9-834E-4E2E-A35C-C3ED72D059C7}"
EndProject
Global
	GlobalSection(SolutionConfigurationPlatforms) = preSolution
		Debug|Any CPU = Debug|Any CPU
		Release|Any CPU = Release|Any CPU
	EndGlobalSection
	GlobalSection(ProjectConfigurationPlatforms) = postSolution
		{ADD04770-4EA7-4944-AEBB-99633994C496}.Debug|Any CPU.ActiveCfg = Debug|Any CPU
		{ADD04770-4EA7-4944-AEBB-99633994C496}.Debug|Any CPU.Build.0 = Debug|Any CPU
		{ADD04770-4EA7-4944-AEBB-99633994C496}.Release|Any CPU.ActiveCfg = Release|Any CPU
		{ADD04770-4EA7-4944-AEBB-99633994C496}.Release|Any CPU.Build.0 = Release|Any CPU
		{4751E63E-ED20-47D8-98AD-BCA2CC2BED4B}.Debug|Any CPU.ActiveCfg = Debug|Any CPU
		{4751E63E-ED20-47D8-98AD-BCA2CC2BED4B}.Debug|Any CPU.Build.0 = Debug|Any CPU
		{4751E63E-ED20-47D8-98AD-BCA2CC2BED4B}.Release|Any CPU.ActiveCfg = Release|Any CPU
		{4751E63E-ED20-47D8-98AD-BCA2CC2BED4B}.Release|Any CPU.Build.0 = Release|Any CPU
		{AE83DBEF-0CE8-4FFF-8FF2-2616415B806A}.Debug|Any CPU.ActiveCfg = Debug|Any CPU
		{AE83DBEF-0CE8-4FFF-8FF2-2616415B806A}.Debug|Any CPU.Build.0 = Debug|Any CPU
		{AE83DBEF-0CE8-4FFF-8FF2-2616415B806A}.Release|Any CPU.ActiveCfg = Release|Any CPU
		{AE83DBEF-0CE8-4FFF-8FF2-2616415B806A}.Release|Any CPU.Build.0 = Release|Any CPU
		{92BD7C70-CD3C-406C-9630-D495377EE0D8}.Debug|Any CPU.ActiveCfg = Debug|Any CPU
		{92BD7C70-CD3C-406C-9630-D495377EE0D8}.Debug|Any CPU.Build.0 = Debug|Any CPU
		{92BD7C70-CD3C-406C-9630-D495377EE0D8}.Release|Any CPU.ActiveCfg = Release|Any CPU
		{92BD7C70-CD3C-406C-9630-D495377EE0D8}.Release|Any CPU.Build.0 = Release|Any CPU
		{018E01C9-834E-4E2E-A35C-C3ED72D059C7}.Debug|Any CPU.ActiveCfg = Debug|Any CPU
		{018E01C9-834E-4E2E-A35C-C3ED72D059C7}.Debug|Any CPU.Build.0 = Debug|Any CPU
		{018E01C9-834E-4E2E-A35C-C3ED72D059C7}.Release|Any CPU.ActiveCfg = Release|Any CPU
		{018E01C9-834E-4E2E-A35C-C3ED72D059C7}.Release|Any CPU.Build.0 = Release|Any CPU
	EndGlobalSection
	GlobalSection(SolutionProperties) = preSolution
		HideSolutionNode = FALSE
	EndGlobalSection
EndGlobal
